
Microsoft Visual Studio Solution File, Format Version 12.00
# Visual Studio 15
VisualStudioVersion = 15.0.28307.572
MinimumVisualStudioVersion = 10.0.40219.1
Project("{FAE04EC0-301F-11D3-BF4B-00C04F79EFBC}") = "Gradebook", "Gradebook\Gradebook.csproj", "{EC8A794C-DD5C-44D5-960E-2B8FD64F1E1E}"
EndProject
Project("{FAE04EC0-301F-11D3-BF4B-00C04F79EFBC}") = "GradeBook.Test", "GradeBook.Test\GradeBook.Test.csproj", "{3E692A0F-80F4-4B0A-8680-0A0FE1C16FF6}"
EndProject
Global
	GlobalSection(SolutionConfigurationPlatforms) = preSolution
		Debug|Any CPU = Debug|Any CPU
		Release|Any CPU = Release|Any CPU
	EndGlobalSection
	GlobalSection(ProjectConfigurationPlatforms) = postSolution
		{EC8A794C-DD5C-44D5-960E-2B8FD64F1E1E}.Debug|Any CPU.ActiveCfg = Debug|Any CPU
		{EC8A794C-DD5C-44D5-960E-2B8FD64F1E1E}.Debug|Any CPU.Build.0 = Debug|Any CPU
		{EC8A794C-DD5C-44D5-960E-2B8FD64F1E1E}.Release|Any CPU.ActiveCfg = Release|Any CPU
		{EC8A794C-DD5C-44D5-960E-2B8FD64F1E1E}.Release|Any CPU.Build.0 = Release|Any CPU
		{3E692A0F-80F4-4B0A-8680-0A0FE1C16FF6}.Debug|Any CPU.ActiveCfg = Debug|Any CPU
		{3E692A0F-80F4-4B0A-8680-0A0FE1C16FF6}.Debug|Any CPU.Build.0 = Debug|Any CPU
		{3E692A0F-80F4-4B0A-8680-0A0FE1C16FF6}.Release|Any CPU.ActiveCfg = Release|Any CPU
		{3E692A0F-80F4-4B0A-8680-0A0FE1C16FF6}.Release|Any CPU.Build.0 = Release|Any CPU
	EndGlobalSection
	GlobalSection(SolutionProperties) = preSolution
		HideSolutionNode = FALSE
	EndGlobalSection
	GlobalSection(ExtensibilityGlobals) = postSolution
		SolutionGuid = {775B2EB1-86B4-4800-89C5-F9EFDE3D5F85}
	EndGlobalSection
EndGlobal
